<?xml version="1.0" encoding="utf-8"?>
<Project ToolsVersion="4.0" xmlns="http://schemas.microsoft.com/developer/msbuild/2003">
  <ItemGroup>
    <Filter Include="源文件">
      <UniqueIdentifier>{4FC737F1-C7A5-4376-A066-2A32D752A2FF}</UniqueIdentifier>
      <Extensions>cpp;c;cc;cxx;c++;cppm;ixx;def;odl;idl;hpj;bat;asm;asmx</Extensions>
    </Filter>
    <Filter Include="资源文件">
      <UniqueIdentifier>{67DA6AB6-F800-4c08-8B7A-83BB121AAD01}</UniqueIdentifier>
      <Extensions>rc;ico;cur;bmp;dlg;rc2;rct;bin;rgs;gif;jpg;jpeg;jpe;resx;tiff;tif;png;wav;mfcribbon-ms</Extensions>
    </Filter>
    <Filter Include="core">
      <UniqueIdentifier>{93995380-89BD-4b04-88EB-625FBE52EBFB}</UniqueIdentifier>
      <Extensions>h;hh;hpp;hxx;h++;hm;inl;inc;ipp;xsd</Extensions>
    </Filter>
    <Filter Include="ext">
      <UniqueIdentifier>{0428a510-d0f9-4e33-9ca3-2bd0a1ad9da0}</UniqueIdentifier>
    </Filter>
    <Filter Include="shape">
      <UniqueIdentifier>{e4334664-5e19-474e-b57a-9fd082b2c392}</UniqueIdentifier>
    </Filter>
    <Filter Include="material">
      <UniqueIdentifier>{a4a2d624-5157-4820-8505-75f10f42c9bf}</UniqueIdentifier>
    </Filter>
    <Filter Include="tool">
      <UniqueIdentifier>{a14b2a7c-371f-4f55-91c8-87a81fae83e2}</UniqueIdentifier>
    </Filter>
    <Filter Include="resource">
      <UniqueIdentifier>{bf4f2bb7-bdd8-4d46-a747-bea61687c656}</UniqueIdentifier>
    </Filter>
    <Filter Include="resource\scene">
      <UniqueIdentifier>{3b2bf0ca-f028-47e8-ad1c-3d602a42dda1}</UniqueIdentifier>
    </Filter>
  </ItemGroup>
  <ItemGroup>
    <ClCompile Include="QZRayTracer.cpp">
      <Filter>源文件</Filter>
    </ClCompile>
    <ClCompile Include="src\core\api.cpp">
      <Filter>core</Filter>
    </ClCompile>
    <ClCompile Include="src\core\geometry.cpp">
      <Filter>core</Filter>
    </ClCompile>
    <ClCompile Include="src\core\shape.cpp">
      <Filter>core</Filter>
    </ClCompile>
    <ClCompile Include="src\shape\sphere.cpp">
      <Filter>shape</Filter>
    </ClCompile>
    <ClCompile Include="src\core\camera.cpp">
      <Filter>core</Filter>
    </ClCompile>
    <ClCompile Include="src\core\material.cpp">
      <Filter>core</Filter>
    </ClCompile>
    <ClCompile Include="src\material\lambertian.cpp">
      <Filter>material</Filter>
    </ClCompile>
    <ClCompile Include="src\material\metal.cpp">
      <Filter>material</Filter>
    </ClCompile>
    <ClCompile Include="src\shape\shapeList.cpp">
      <Filter>shape</Filter>
    </ClCompile>
    <ClCompile Include="src\material\dielectric.cpp">
      <Filter>源文件</Filter>
    </ClCompile>
  </ItemGroup>
  <ItemGroup>
    <ClInclude Include="src\core\api.h">
      <Filter>core</Filter>
    </ClInclude>
    <ClInclude Include="src\core\QZRayTracer.h">
      <Filter>core</Filter>
    </ClInclude>
    <ClInclude Include="src\core\stb_image.h">
      <Filter>core</Filter>
    </ClInclude>
    <ClInclude Include="src\core\stb_image_write.h">
      <Filter>core</Filter>
    </ClInclude>
    <ClInclude Include="src\core\geometry.h">
      <Filter>core</Filter>
    </ClInclude>
    <ClInclude Include="src\ext\logging.h">
      <Filter>ext</Filter>
    </ClInclude>
    <ClInclude Include="src\core\shape.h">
      <Filter>core</Filter>
    </ClInclude>
    <ClInclude Include="src\shape\sphere.h">
      <Filter>shape</Filter>
    </ClInclude>
    <ClInclude Include="src\core\camera.h">
      <Filter>core</Filter>
    </ClInclude>
    <ClInclude Include="src\core\material.h">
      <Filter>core</Filter>
    </ClInclude>
    <ClInclude Include="src\material\lambertian.h">
      <Filter>material</Filter>
    </ClInclude>
    <ClInclude Include="src\material\metal.h">
      <Filter>material</Filter>
    </ClInclude>
    <ClInclude Include="src\shape\shapeList.h">
      <Filter>shape</Filter>
    </ClInclude>
    <ClInclude Include="src\tool\progressbar.h">
      <Filter>tool</Filter>
    </ClInclude>
    <ClInclude Include="src\material\dielectric.h">
      <Filter>core</Filter>
    </ClInclude>
  </ItemGroup>
  <ItemGroup>
    <Text Include="resource\scene\Scene-RayTracingInOneWeekend.txt">
      <Filter>resource\scene</Filter>
    </Text>
  </ItemGroup>
</Project>